
Microsoft Visual Studio Solution File, Format Version 12.00
# Visual Studio Version 17
VisualStudioVersion = 17.6.33815.320
MinimumVisualStudioVersion = 10.0.40219.1
Project("{888888A0-9F3D-457C-B088-3A5042F75D52}") = "MyForm", "MyForm.pyproj", "{3BC4513F-0AFA-453E-A3C5-84B9EE7686D8}"
EndProject
Project("{888888A0-9F3D-457C-B088-3A5042F75D52}") = "q1", "..\q1\q1.pyproj", "{A1039D1C-45F2-43B4-8764-2AF0151A77BA}"
EndProject
Global
	GlobalSection(SolutionConfigurationPlatforms) = preSolution
		Debug|Any CPU = Debug|Any CPU
		Release|Any CPU = Release|Any CPU
	EndGlobalSection
	GlobalSection(ProjectConfigurationPlatforms) = postSolution
		{3BC4513F-0AFA-453E-A3C5-84B9EE7686D8}.Debug|Any CPU.ActiveCfg = Debug|Any CPU
		{3BC4513F-0AFA-453E-A3C5-84B9EE7686D8}.Debug|Any CPU.Build.0 = Debug|Any CPU
		{3BC4513F-0AFA-453E-A3C5-84B9EE7686D8}.Release|Any CPU.ActiveCfg = Release|Any CPU
		{3BC4513F-0AFA-453E-A3C5-84B9EE7686D8}.Release|Any CPU.Build.0 = Release|Any CPU
		{A1039D1C-45F2-43B4-8764-2AF0151A77BA}.Debug|Any CPU.ActiveCfg = Debug|Any CPU
		{A1039D1C-45F2-43B4-8764-2AF0151A77BA}.Debug|Any CPU.Build.0 = Debug|Any CPU
		{A1039D1C-45F2-43B4-8764-2AF0151A77BA}.Release|Any CPU.ActiveCfg = Release|Any CPU
		{A1039D1C-45F2-43B4-8764-2AF0151A77BA}.Release|Any CPU.Build.0 = Release|Any CPU
	EndGlobalSection
	GlobalSection(SolutionProperties) = preSolution
		HideSolutionNode = FALSE
	EndGlobalSection
	GlobalSection(ExtensibilityGlobals) = postSolution
		SolutionGuid = {39BEA6FB-C6E1-4489-A503-CD54D27FF456}
	EndGlobalSection
EndGlobal
