
Microsoft Visual Studio Solution File, Format Version 12.00
# Visual Studio Version 17
VisualStudioVersion = 17.6.33815.320
MinimumVisualStudioVersion = 10.0.40219.1
Project("{888888A0-9F3D-457C-B088-3A5042F75D52}") = "DjangoWebProject1Asample", "DjangoWebProject1Asample.pyproj", "{8C9BED4E-CE49-4508-A651-2F22A63FD5C7}"
EndProject
Global
	GlobalSection(SolutionConfigurationPlatforms) = preSolution
		Debug|Any CPU = Debug|Any CPU
		Release|Any CPU = Release|Any CPU
	EndGlobalSection
	GlobalSection(ProjectConfigurationPlatforms) = postSolution
		{8C9BED4E-CE49-4508-A651-2F22A63FD5C7}.Debug|Any CPU.ActiveCfg = Debug|Any CPU
		{8C9BED4E-CE49-4508-A651-2F22A63FD5C7}.Debug|Any CPU.Build.0 = Debug|Any CPU
		{8C9BED4E-CE49-4508-A651-2F22A63FD5C7}.Release|Any CPU.ActiveCfg = Release|Any CPU
		{8C9BED4E-CE49-4508-A651-2F22A63FD5C7}.Release|Any CPU.Build.0 = Release|Any CPU
	EndGlobalSection
	GlobalSection(SolutionProperties) = preSolution
		HideSolutionNode = FALSE
	EndGlobalSection
	GlobalSection(ExtensibilityGlobals) = postSolution
		SolutionGuid = {F6368891-B67B-450D-9149-5E76BB145637}
	EndGlobalSection
EndGlobal
