
Microsoft Visual Studio Solution File, Format Version 12.00
# Visual Studio Version 17
VisualStudioVersion = 17.6.33815.320
MinimumVisualStudioVersion = 10.0.40219.1
Project("{888888A0-9F3D-457C-B088-3A5042F75D52}") = "q2", "q2.pyproj", "{ADBA8DCD-F3B8-4E77-8B62-87CCF1BBDB74}"
EndProject
Global
	GlobalSection(SolutionConfigurationPlatforms) = preSolution
		Debug|Any CPU = Debug|Any CPU
		Release|Any CPU = Release|Any CPU
	EndGlobalSection
	GlobalSection(ProjectConfigurationPlatforms) = postSolution
		{ADBA8DCD-F3B8-4E77-8B62-87CCF1BBDB74}.Debug|Any CPU.ActiveCfg = Debug|Any CPU
		{ADBA8DCD-F3B8-4E77-8B62-87CCF1BBDB74}.Debug|Any CPU.Build.0 = Debug|Any CPU
		{ADBA8DCD-F3B8-4E77-8B62-87CCF1BBDB74}.Release|Any CPU.ActiveCfg = Release|Any CPU
		{ADBA8DCD-F3B8-4E77-8B62-87CCF1BBDB74}.Release|Any CPU.Build.0 = Release|Any CPU
	EndGlobalSection
	GlobalSection(SolutionProperties) = preSolution
		HideSolutionNode = FALSE
	EndGlobalSection
	GlobalSection(ExtensibilityGlobals) = postSolution
		SolutionGuid = {0D1E06ED-8B55-4D04-9A6F-44EC247C6870}
	EndGlobalSection
EndGlobal
